
Microsoft Visual Studio Solution File, Format Version 12.00
# Visual Studio Version 16
VisualStudioVersion = 16.0.30804.86
MinimumVisualStudioVersion = 10.0.40219.1
Project("{FAE04EC0-301F-11D3-BF4B-00C04F79EFBC}") = "151901403_VuThanhNghi", "151901403_VuThanhNghi.csproj", "{FFA63334-DE64-4CB8-A5B5-E0E5BA4FC15C}"
EndProject
Project("{FAE04EC0-301F-11D3-BF4B-00C04F79EFBC}") = "UnitTestProject2", "UnitTestProject2\UnitTestProject2.csproj", "{126298D6-F3F4-492F-B697-8F807AB0C116}"
EndProject
Global
	GlobalSection(SolutionConfigurationPlatforms) = preSolution
		Debug|Any CPU = Debug|Any CPU
		Release|Any CPU = Release|Any CPU
	EndGlobalSection
	GlobalSection(ProjectConfigurationPlatforms) = postSolution
		{FFA63334-DE64-4CB8-A5B5-E0E5BA4FC15C}.Debug|Any CPU.ActiveCfg = Debug|Any CPU
		{FFA63334-DE64-4CB8-A5B5-E0E5BA4FC15C}.Debug|Any CPU.Build.0 = Debug|Any CPU
		{FFA63334-DE64-4CB8-A5B5-E0E5BA4FC15C}.Release|Any CPU.ActiveCfg = Release|Any CPU
		{FFA63334-DE64-4CB8-A5B5-E0E5BA4FC15C}.Release|Any CPU.Build.0 = Release|Any CPU
		{126298D6-F3F4-492F-B697-8F807AB0C116}.Debug|Any CPU.ActiveCfg = Debug|Any CPU
		{126298D6-F3F4-492F-B697-8F807AB0C116}.Debug|Any CPU.Build.0 = Debug|Any CPU
		{126298D6-F3F4-492F-B697-8F807AB0C116}.Release|Any CPU.ActiveCfg = Release|Any CPU
		{126298D6-F3F4-492F-B697-8F807AB0C116}.Release|Any CPU.Build.0 = Release|Any CPU
	EndGlobalSection
	GlobalSection(SolutionProperties) = preSolution
		HideSolutionNode = FALSE
	EndGlobalSection
	GlobalSection(ExtensibilityGlobals) = postSolution
		SolutionGuid = {DA07C944-419F-4109-BA53-5DFE3D570741}
	EndGlobalSection
EndGlobal
